Microsoft Visual Studio Solution File, Format Version 12.00
# Visual Studio Version 17
VisualStudioVersion = 17.0.31611.283
MinimumVisualStudioVersion = 10.0.40219.1
Project("{9A19103F-16F7-4668-BE54-9A1E7A4F7556}") = "Mark.Up.Fashion.Api", "Mark.Up.Fashion.Api\Mark.Up.Fashion.Api.csproj", "{0B643074-ECF8-47C1-A9EF-D58B7D9D6241}"
EndProject
Project("{8BC9CEB8-8B4A-11D0-8D11-00A0C91BC942}") = "ServiceLayer", "ServiceLayer\ServiceLayer\ServiceLayer.vcxproj", "{4467639E-7880-48DD-A723-BDF046EE46D0}"
EndProject
Project("{2150E333-8FDC-42A3-9474-1A3956D46DE8}") = "src", "src", "{67CDE4DD-69DE-444C-9EB9-758F6E9F603F}"
EndProject
Project("{FAE04EC0-301F-11D3-BF4B-00C04F79EFBC}") = "MarkUpFashion.Mobile", "MarkUpFashion.Mobile\MarkUpFashion.Mobile.csproj", "{B062E2AB-B572-42BD-8087-84F022CC16AA}"
EndProject
Global
	GlobalSection(SolutionConfigurationPlatforms) = preSolution
		Debug|Any CPU = Debug|Any CPU
		Debug|x64 = Debug|x64
		Debug|x86 = Debug|x86
		Release|Any CPU = Release|Any CPU
		Release|x64 = Release|x64
		Release|x86 = Release|x86
	EndGlobalSection
	GlobalSection(ProjectConfigurationPlatforms) = postSolution
		{0B643074-ECF8-47C1-A9EF-D58B7D9D6241}.Debug|Any CPU.ActiveCfg = Debug|Any CPU
		{0B643074-ECF8-47C1-A9EF-D58B7D9D6241}.Debug|Any CPU.Build.0 = Debug|Any CPU
		{0B643074-ECF8-47C1-A9EF-D58B7D9D6241}.Debug|x64.ActiveCfg = Debug|Any CPU
		{0B643074-ECF8-47C1-A9EF-D58B7D9D6241}.Debug|x64.Build.0 = Debug|Any CPU
		{0B643074-ECF8-47C1-A9EF-D58B7D9D6241}.Debug|x86.ActiveCfg = Debug|Any CPU
		{0B643074-ECF8-47C1-A9EF-D58B7D9D6241}.Debug|x86.Build.0 = Debug|Any CPU
		{0B643074-ECF8-47C1-A9EF-D58B7D9D6241}.Release|Any CPU.ActiveCfg = Release|Any CPU
		{0B643074-ECF8-47C1-A9EF-D58B7D9D6241}.Release|Any CPU.Build.0 = Release|Any CPU
		{0B643074-ECF8-47C1-A9EF-D58B7D9D6241}.Release|x64.ActiveCfg = Release|Any CPU
		{0B643074-ECF8-47C1-A9EF-D58B7D9D6241}.Release|x64.Build.0 = Release|Any CPU
		{0B643074-ECF8-47C1-A9EF-D58B7D9D6241}.Release|x86.ActiveCfg = Release|Any CPU
		{0B643074-ECF8-47C1-A9EF-D58B7D9D6241}.Release|x86.Build.0 = Release|Any CPU
		{4467639E-7880-48DD-A723-BDF046EE46D0}.Debug|Any CPU.ActiveCfg = Debug|x64
		{4467639E-7880-48DD-A723-BDF046EE46D0}.Debug|Any CPU.Build.0 = Debug|x64
		{4467639E-7880-48DD-A723-BDF046EE46D0}.Debug|x64.ActiveCfg = Debug|x64
		{4467639E-7880-48DD-A723-BDF046EE46D0}.Debug|x64.Build.0 = Debug|x64
		{4467639E-7880-48DD-A723-BDF046EE46D0}.Debug|x86.ActiveCfg = Debug|Win32
		{4467639E-7880-48DD-A723-BDF046EE46D0}.Debug|x86.Build.0 = Debug|Win32
		{4467639E-7880-48DD-A723-BDF046EE46D0}.Release|Any CPU.ActiveCfg = Release|x64
		{4467639E-7880-48DD-A723-BDF046EE46D0}.Release|Any CPU.Build.0 = Release|x64
		{4467639E-7880-48DD-A723-BDF046EE46D0}.Release|x64.ActiveCfg = Release|x64
		{4467639E-7880-48DD-A723-BDF046EE46D0}.Release|x64.Build.0 = Release|x64
		{4467639E-7880-48DD-A723-BDF046EE46D0}.Release|x86.ActiveCfg = Release|Win32
		{4467639E-7880-48DD-A723-BDF046EE46D0}.Release|x86.Build.0 = Release|Win32
		{B062E2AB-B572-42BD-8087-84F022CC16AA}.Debug|Any CPU.ActiveCfg = Debug|Any CPU
		{B062E2AB-B572-42BD-8087-84F022CC16AA}.Debug|Any CPU.Build.0 = Debug|Any CPU
		{B062E2AB-B572-42BD-8087-84F022CC16AA}.Debug|Any CPU.Deploy.0 = Debug|Any CPU
		{B062E2AB-B572-42BD-8087-84F022CC16AA}.Debug|x64.ActiveCfg = Debug|Any CPU
		{B062E2AB-B572-42BD-8087-84F022CC16AA}.Debug|x64.Build.0 = Debug|Any CPU
		{B062E2AB-B572-42BD-8087-84F022CC16AA}.Debug|x64.Deploy.0 = Debug|Any CPU
		{B062E2AB-B572-42BD-8087-84F022CC16AA}.Debug|x86.ActiveCfg = Debug|Any CPU
		{B062E2AB-B572-42BD-8087-84F022CC16AA}.Debug|x86.Build.0 = Debug|Any CPU
		{B062E2AB-B572-42BD-8087-84F022CC16AA}.Debug|x86.Deploy.0 = Debug|Any CPU
		{B062E2AB-B572-42BD-8087-84F022CC16AA}.Release|Any CPU.ActiveCfg = Release|Any CPU
		{B062E2AB-B572-42BD-8087-84F022CC16AA}.Release|Any CPU.Build.0 = Release|Any CPU
		{B062E2AB-B572-42BD-8087-84F022CC16AA}.Release|Any CPU.Deploy.0 = Release|Any CPU
		{B062E2AB-B572-42BD-8087-84F022CC16AA}.Release|x64.ActiveCfg = Release|Any CPU
		{B062E2AB-B572-42BD-8087-84F022CC16AA}.Release|x64.Build.0 = Release|Any CPU
		{B062E2AB-B572-42BD-8087-84F022CC16AA}.Release|x64.Deploy.0 = Release|Any CPU
		{B062E2AB-B572-42BD-8087-84F022CC16AA}.Release|x86.ActiveCfg = Release|Any CPU
		{B062E2AB-B572-42BD-8087-84F022CC16AA}.Release|x86.Build.0 = Release|Any CPU
		{B062E2AB-B572-42BD-8087-84F022CC16AA}.Release|x86.Deploy.0 = Release|Any CPU
	EndGlobalSection
	GlobalSection(SolutionProperties) = preSolution
		HideSolutionNode = FALSE
	EndGlobalSection
	GlobalSection(NestedProjects) = preSolution
		{0B643074-ECF8-47C1-A9EF-D58B7D9D6241} = {67CDE4DD-69DE-444C-9EB9-758F6E9F603F}
		{4467639E-7880-48DD-A723-BDF046EE46D0} = {67CDE4DD-69DE-444C-9EB9-758F6E9F603F}
		{B062E2AB-B572-42BD-8087-84F022CC16AA} = {67CDE4DD-69DE-444C-9EB9-758F6E9F603F}
	EndGlobalSection
	GlobalSection(ExtensibilityGlobals) = postSolution
		SolutionGuid = {61F7FB11-1E47-470C-91E2-47F8143E1572}
	EndGlobalSection
EndGlobal
